// !$*UTF8*$!
{
	archiveVersion = 1;
	classes = {
	};
	objectVersion = 46;
	objects = {

/* Begin PBXBuildFile section */
		C5CE569D1B96109800390835 /* AppDelegate.swift in Sources */ = {isa = PBXBuildFile; fileRef = C5CE569C1B96109800390835 /* AppDelegate.swift */; };
		C5CE569F1B96109800390835 /* ViewController.swift in Sources */ = {isa = PBXBuildFile; fileRef = C5CE569E1B96109800390835 /* ViewController.swift */; };
		C5CE56A21B96109800390835 /* Main.storyboard in Resources */ = {isa = PBXBuildFile; fileRef = C5CE56A01B96109800390835 /* Main.storyboard */; };
		C5CE56A41B96109800390835 /* Assets.xcassets in Resources */ = {isa = PBXBuildFile; fileRef = C5CE56A31B96109800390835 /* Assets.xcassets */; };
		C5CE56A71B96109800390835 /* LaunchScreen.storyboard in Resources */ = {isa = PBXBuildFile; fileRef = C5CE56A51B96109800390835 /* LaunchScreen.storyboard */; };
/* End PBXBuildFile section */

/* Begin PBXFileReference section */
		C5CE56991B96109800390835 /* StreetMusicVideo.app */ = {isa = PBXFileReference; explicitFileType = wrapper.application; includeInIndex = 0; path = StreetMusicVideo.app; sourceTree = BUILT_PRODUCTS_DIR; };
		C5CE569C1B96109800390835 /* AppDelegate.swift */ = {isa = PBXFileReference; lastKnownFileType = sourcecode.swift; path = AppDelegate.swift; sourceTree = "<group>"; };
		C5CE569E1B96109800390835 /* ViewController.swift */ = {isa = PBXFileReference; lastKnownFileType = sourcecode.swift; path = ViewController.swift; sourceTree = "<group>"; };
		C5CE56A11B96109800390835 /* Base */ = {isa = PBXFileReference; lastKnownFileType = file.storyboard; name = Base; path = Base.lproj/Main.storyboard; sourceTree = "<group>"; };
		C5CE56A31B96109800390835 /* Assets.xcassets */ = {isa = PBXFileReference; lastKnownFileType = folder.assetcatalog; path = Assets.xcassets; sourceTree = "<group>"; };
		C5CE56A61B96109800390835 /* Base */ = {isa = PBXFileReference; lastKnownFileType = file.storyboard; name = Base; path = Base.lproj/LaunchScreen.storyboard; sourceTree = "<group>"; };
		C5CE56A81B96109800390835 /* Info.plist */ = {isa = PBXFileReference; lastKnownFileType = text.plist.xml; path = Info.plist; sourceTree = "<group>"; };
/* End PBXFileReference section */

/* Begin PBXFrameworksBuildPhase section */
		C5CE56961B96109800390835 /* Frameworks */ = {
			isa = PBXFrameworksBuildPhase;
			buildActionMask = 2147483647;
			files = (
			);
			runOnlyForDeploymentPostprocessing = 0;
		};
/* End PBXFrameworksBuildPhase section */

/* Begin PBXGroup section */
		C5CE56901B96109800390835 = {
			isa = PBXGroup;
			children = (
				C5CE569B1B96109800390835 /* StreetMusicVideo */,
				C5CE569A1B96109800390835 /* Products */,
			);
			sourceTree = "<group>";
		};
		C5CE569A1B96109800390835 /* Products */ = {
			isa = PBXGroup;
			children = (
				C5CE56991B96109800390835 /* StreetMusicVideo.app */,
			);
			name = Products;
			sourceTree = "<group>";
		};
		C5CE569B1B96109800390835 /* StreetMusicVideo */ = {
			isa = PBXGroup;
			children = (
				C5CE569C1B96109800390835 /* AppDelegate.swift */,
				C5CE569E1B96109800390835 /* ViewController.swift */,
				C5CE56A01B96109800390835 /* Main.storyboard */,
				C5CE56A31B96109800390835 /* Assets.xcassets */,
				C5CE56A51B96109800390835 /* LaunchScreen.storyboard */,
				C5CE56A81B96109800390835 /* Info.plist */,
			);
			path = StreetMusicVideo;
			sourceTree = "<group>";
		};
/* End PBXGroup section */

/* Begin PBXNativeTarget section */
		C5CE56981B96109800390835 /* StreetMusicVideo */ = {
			isa = PBXNativeTarget;
			buildConfigurationList = C5CE56AB1B96109800390835 /* Build configuration list for PBXNativeTarget "StreetMusicVideo" */;
			buildPhases = (
				C5CE56951B96109800390835 /* Sources */,
				C5CE56961B96109800390835 /* Frameworks */,
				C5CE56971B96109800390835 /* Resources */,
			);
			buildRules = (
			);
			dependencies = (
			);
			name = StreetMusicVideo;
			productName = StreetMusicVideo;
			productReference = C5CE56991B96109800390835 /* StreetMusicVideo.app */;
			productType = "com.apple.product-type.application";
		};
/* End PBXNativeTarget section */

/* Begin PBXProject section */
		C5CE56911B96109800390835 /* Project object */ = {
			isa = PBXProject;
			attributes = {
				LastUpgradeCheck = 0700;
				ORGANIZATIONNAME = HenriqueVelloso;
				TargetAttributes = {
					C5CE56981B96109800390835 = {
						CreatedOnToolsVersion = 7.0;
					};
				};
			};
			buildConfigurationList = C5CE56941B96109800390835 /* Build configuration list for PBXProject "StreetMusicVideo" */;
			compatibilityVersion = "Xcode 3.2";
			developmentRegion = English;
			hasScannedForEncodings = 0;
			knownRegions = (
				en,
				Base,
			);
			mainGroup = C5CE56901B96109800390835;
			productRefGroup = C5CE569A1B96109800390835 /* Products */;
			projectDirPath = "";
			projectRoot = "";
			targets = (
				C5CE56981B96109800390835 /* StreetMusicVideo */,
			);
		};
/* End PBXProject section */

/* Begin PBXResourcesBuildPhase section */
		C5CE56971B96109800390835 /* Resources */ = {
			isa = PBXResourcesBuildPhase;
			buildActionMask = 2147483647;
			files = (
				C5CE56A71B96109800390835 /* LaunchScreen.storyboard in Resources */,
				C5CE56A41B96109800390835 /* Assets.xcassets in Resources */,
				C5CE56A21B96109800390835 /* Main.storyboard in Resources */,
			);
			runOnlyForDeploymentPostprocessing = 0;
		};
/* End PBXResourcesBuildPhase section */

/* Begin PBXSourcesBuildPhase section */
		C5CE56951B96109800390835 /* Sources */ = {
			isa = PBXSourcesBuildPhase;
			buildActionMask = 2147483647;
			files = (
				C5CE569F1B96109800390835 /* ViewController.swift in Sources */,
				C5CE569D1B96109800390835 /* AppDelegate.swift in Sources */,
			);
			runOnlyForDeploymentPostprocessing = 0;
		};
/* End PBXSourcesBuildPhase section */

/* Begin PBXVariantGroup section */
		C5CE56A01B96109800390835 /* Main.storyboard */ = {
			isa = PBXVariantGroup;
			children = (
				C5CE56A11B96109800390835 /* Base */,
			);
			name = Main.storyboard;
			sourceTree = "<group>";
		};
		C5CE56A51B96109800390835 /* LaunchScreen.storyboard */ = {
			isa = PBXVariantGroup;
			children = (
				C5CE56A61B96109800390835 /* Base */,
			);
			name = LaunchScreen.storyboard;
			sourceTree = "<group>";
		};
/* End PBXVariantGroup section */

/* Begin XCBuildConfiguration section */
		C5CE56A91B96109800390835 /* Debug */ = {
			isa = XCBuildConfiguration;
			buildSettings = {
				ALWAYS_SEARCH_USER_PATHS = NO;
				CLANG_CXX_LANGUAGE_STANDARD = "gnu++0x";
				CLANG_CXX_LIBRARY = "libc++";
				CLANG_ENABLE_MODULES = YES;
				CLANG_ENABLE_OBJC_ARC = YES;
				CLANG_WARN_BOOL_CONVERSION = YES;
				CLANG_WARN_CONSTANT_CONVERSION = YES;
				CLANG_WARN_DIRECT_OBJC_ISA_USAGE = YES_ERROR;
				CLANG_WARN_EMPTY_BODY = YES;
				CLANG_WARN_ENUM_CONVERSION = YES;
				CLANG_WARN_INT_CONVERSION = YES;
				CLANG_WARN_OBJC_ROOT_CLASS = YES_ERROR;
				CLANG_WARN_UNREACHABLE_CODE = YES;
				CLANG_WARN__DUPLICATE_METHOD_MATCH = YES;
				"CODE_SIGN_IDENTITY[sdk=iphoneos*]" = "iPhone Developer";
				COPY_PHASE_STRIP = NO;
				DEBUG_INFORMATION_FORMAT = dwarf;
				ENABLE_STRICT_OBJC_MSGSEND = YES;
				ENABLE_TESTABILITY = YES;
				GCC_C_LANGUAGE_STANDARD = gnu99;
				GCC_DYNAMIC_NO_PIC = NO;
				GCC_NO_COMMON_BLOCKS = YES;
				GCC_OPTIMIZATION_LEVEL = 0;
				GCC_PREPROCESSOR_DEFINITIONS = (
					"DEBUG=1",
					"$(inherited)",
				);
				GCC_WARN_64_TO_32_BIT_CONVERSION = YES;
				GCC_WARN_ABOUT_RETURN_TYPE = YES_ERROR;
				GCC_WARN_UNDECLARED_SELECTOR = YES;
				GCC_WARN_UNINITIALIZED_AUTOS = YES_AGGRESSIVE;
				GCC_WARN_UNUSED_FUNCTION = YES;
				GCC_WARN_UNUSED_VARIABLE = YES;
				IPHONEOS_DEPLOYMENT_TARGET = 9.0;
				MTL_ENABLE_DEBUG_INFO = YES;
				ONLY_ACTIVE_ARCH = YES;
				SDKROOT = iphoneos;
				SWIFT_OPTIMIZATION_LEVEL = "-Onone";
			};
			name = Debug;
		};
		C5CE56AA1B96109800390835 /* Release */ = {
			isa = XCBuildConfiguration;
			buildSettings = {
				ALWAYS_SEARCH_USER_PATHS = NO;
				CLANG_CXX_LANGUAGE_STANDARD = "gnu++0x";
				CLANG_CXX_LIBRARY = "libc++";
				CLANG_ENABLE_MODULES = YES;
				CLANG_ENABLE_OBJC_ARC = YES;
				CLANG_WARN_BOOL_CONVERSION = YES;
				CLANG_WARN_CONSTANT_CONVERSION = YES;
				CLANG_WARN_DIRECT_OBJC_ISA_USAGE = YES_ERROR;
				CLANG_WARN_EMPTY_BODY = YES;
				CLANG_WARN_ENUM_CONVERSION = YES;
				CLANG_WARN_INT_CONVERSION = YES;
				CLANG_WARN_OBJC_ROOT_CLASS = YES_ERROR;
				CLANG_WARN_UNREACHABLE_CODE = YES;
				CLANG_WARN__DUPLICATE_METHOD_MATCH = YES;
				"CODE_SIGN_IDENTITY[sdk=iphoneos*]" = "iPhone Developer";
				COPY_PHASE_STRIP = NO;
				DEBUG_INFORMATION_FORMAT = "dwarf-with-dsym";
				ENABLE_NS_ASSERTIONS = NO;
				ENABLE_STRICT_OBJC_MSGSEND = YES;
				GCC_C_LANGUAGE_STANDARD = gnu99;
				GCC_NO_COMMON_BLOCKS = YES;
				GCC_WARN_64_TO_32_BIT_CONVERSION = YES;
				GCC_WARN_ABOUT_RETURN_TYPE = YES_ERROR;
				GCC_WARN_UNDECLARED_SELECTOR = YES;
				GCC_WARN_UNINITIALIZED_AUTOS = YES_AGGRESSIVE;
				GCC_WARN_UNUSED_FUNCTION = YES;
				GCC_WARN_UNUSED_VARIABLE = YES;
				IPHONEOS_DEPLOYMENT_TARGET = 9.0;
				MTL_ENABLE_DEBUG_INFO = NO;
				SDKROOT = iphoneos;
				VALIDATE_PRODUCT = YES;
			};
			name = Release;
		};
		C5CE56AC1B96109800390835 /* Debug */ = {
			isa = XCBuildConfiguration;
			buildSettings = {
				ASSETCATALOG_COMPILER_APPICON_NAME = AppIcon;
				INFOPLIST_FILE = StreetMusicVideo/Info.plist;
				LD_RUNPATH_SEARCH_PATHS = "$(inherited) @executable_path/Frameworks";
				PRODUCT_BUNDLE_IDENTIFIER = com.HenriqueVelloso.StreetMusicVideo;
				PRODUCT_NAME = "$(TARGET_NAME)";
			};
			name = Debug;
		};
		C5CE56AD1B96109800390835 /* Release */ = {
			isa = XCBuildConfiguration;
			buildSettings = {
				ASSETCATALOG_COMPILER_APPICON_NAME = AppIcon;
				INFOPLIST_FILE = StreetMusicVideo/Info.plist;
				LD_RUNPATH_SEARCH_PATHS = "$(inherited) @executable_path/Frameworks";
				PRODUCT_BUNDLE_IDENTIFIER = com.HenriqueVelloso.StreetMusicVideo;
				PRODUCT_NAME = "$(TARGET_NAME)";
			};
			name = Release;
		};
/* End XCBuildConfiguration section */

/* Begin XCConfigurationList section */
		C5CE56941B96109800390835 /* Build configuration list for PBXProject "StreetMusicVideo" */ = {
			isa = XCConfigurationList;
			buildConfigurations = (
				C5CE56A91B96109800390835 /* Debug */,
				C5CE56AA1B96109800390835 /* Release */,
			);
			defaultConfigurationIsVisible = 0;
			defaultConfigurationName = Release;
		};
		C5CE56AB1B96109800390835 /* Build configuration list for PBXNativeTarget "StreetMusicVideo" */ = {
			isa = XCConfigurationList;
			buildConfigurations = (
				C5CE56AC1B96109800390835 /* Debug */,
				C5CE56AD1B96109800390835 /* Release */,
			);
			defaultConfigurationIsVisible = 0;
		};
/* End XCConfigurationList section */
	};
	rootObject = C5CE56911B96109800390835 /* Project object */;
}
